
Microsoft Visual Studio Solution File, Format Version 12.00
# Visual Studio Version 16
VisualStudioVersion = 16.0.31205.134
MinimumVisualStudioVersion = 10.0.40219.1
Project("{9A19103F-16F7-4668-BE54-9A1E7A4F7556}") = "Requesting", "Requesting\Requesting.csproj", "{FD0184FA-27F1-44CA-B45D-3EBD42A28545}"
EndProject
Global
	GlobalSection(SolutionConfigurationPlatforms) = preSolution
		Debug|Any CPU = Debug|Any CPU
		Release|Any CPU = Release|Any CPU
	EndGlobalSection
	GlobalSection(ProjectConfigurationPlatforms) = postSolution
		{FD0184FA-27F1-44CA-B45D-3EBD42A28545}.Debug|Any CPU.ActiveCfg = Debug|Any CPU
		{FD0184FA-27F1-44CA-B45D-3EBD42A28545}.Debug|Any CPU.Build.0 = Debug|Any CPU
		{FD0184FA-27F1-44CA-B45D-3EBD42A28545}.Release|Any CPU.ActiveCfg = Release|Any CPU
		{FD0184FA-27F1-44CA-B45D-3EBD42A28545}.Release|Any CPU.Build.0 = Release|Any CPU
	EndGlobalSection
	GlobalSection(SolutionProperties) = preSolution
		HideSolutionNode = FALSE
	EndGlobalSection
	GlobalSection(ExtensibilityGlobals) = postSolution
		SolutionGuid = {CB75EC87-1994-4D3A-8B39-4CAEAB95A7E4}
	EndGlobalSection
EndGlobal
